{
  "nodes": {
    "dsl-flake": {
      "inputs": {
        "flake-utils": "flake-utils",
        "frogos-ir": "frogos-ir",
        "nixpkgs": [
          "nixpkgs"
        ],
        "systems": "systems_4",
        "treefmt-nix": "treefmt-nix_2"
      },
      "locked": {
        "lastModified": 1782311907,
        "narHash": "sha256-mwqFeKL/LUv6gfwYl2KUkjY5CyGGS9JYEDfJ2/ml05I=",
        "ref": "refs/heads/main",
        "rev": "b5d49a6c88755db9d9e78d50973865e230b1f974",
        "revCount": 215,
        "type": "git",
        "url": "https://git.cherdak.work/FrogOS/DSL"
      },
      "original": {
        "type": "git",
        "url": "https://git.cherdak.work/FrogOS/DSL"
      }
    },
    "executor-src": {
      "flake": false,
      "locked": {
        "lastModified": 1782313807,
        "narHash": "sha256-m/6BOdXtNUVyb84LannUPV09PTWCnlhEj95W9qSaLQY=",
        "ref": "refs/heads/main",
        "rev": "f3b0c7dfc53fdbcf1949ca4a7a0e8443b58fc1a8",
        "revCount": 6,
        "type": "git",
        "url": "https://git.cherdak.work/FrogOS/Executor"
      },
      "original": {
        "type": "git",
        "url": "https://git.cherdak.work/FrogOS/Executor"
      }
    },
    "fenix": {
      "inputs": {
        "nixpkgs": [
          "frogos-flake",
          "nixpkgs"
        ],
        "rust-analyzer-src": "rust-analyzer-src"
      },
      "locked": {
        "lastModified": 1782294578,
        "narHash": "sha256-ctIw0dB+vAkpKnNhwbdXWm0jtzWHOKl+75OsrIcpQK8=",
        "owner": "nix-community",
        "repo": "fenix",
        "rev": "bd1a9586894a7702d9fbd0da7f6e3f09d6510c36",
        "type": "github"
      },
      "original": {
        "owner": "nix-community",
        "repo": "fenix",
        "type": "github"
      }
    },
    "flake-utils": {
      "inputs": {
        "systems": "systems"
      },
      "locked": {
        "lastModified": 1731533236,
        "narHash": "sha256-l0KFg5HjrsfsO/JpG+r7fRrqm12kzFHyUHqHCVpMMbI=",
        "owner": "numtide",
        "repo": "flake-utils",
        "rev": "11707dc2f618dd54ca8739b309ec4fc024de578b",
        "type": "github"
      },
      "original": {
        "owner": "numtide",
        "repo": "flake-utils",
        "type": "github"
      }
    },
    "flake-utils_2": {
      "inputs": {
        "systems": "systems_2"
      },
      "locked": {
        "lastModified": 1731533236,
        "narHash": "sha256-l0KFg5HjrsfsO/JpG+r7fRrqm12kzFHyUHqHCVpMMbI=",
        "owner": "numtide",
        "repo": "flake-utils",
        "rev": "11707dc2f618dd54ca8739b309ec4fc024de578b",
        "type": "github"
      },
      "original": {
        "owner": "numtide",
        "repo": "flake-utils",
        "type": "github"
      }
    },
    "flake-utils_3": {
      "inputs": {
        "systems": "systems_5"
      },
      "locked": {
        "lastModified": 1731533236,
        "narHash": "sha256-l0KFg5HjrsfsO/JpG+r7fRrqm12kzFHyUHqHCVpMMbI=",
        "owner": "numtide",
        "repo": "flake-utils",
        "rev": "11707dc2f618dd54ca8739b309ec4fc024de578b",
        "type": "github"
      },
      "original": {
        "owner": "numtide",
        "repo": "flake-utils",
        "type": "github"
      }
    },
    "flake-utils_4": {
      "inputs": {
        "systems": "systems_6"
      },
      "locked": {
        "lastModified": 1731533236,
        "narHash": "sha256-l0KFg5HjrsfsO/JpG+r7fRrqm12kzFHyUHqHCVpMMbI=",
        "owner": "numtide",
        "repo": "flake-utils",
        "rev": "11707dc2f618dd54ca8739b309ec4fc024de578b",
        "type": "github"
      },
      "original": {
        "owner": "numtide",
        "repo": "flake-utils",
        "type": "github"
      }
    },
    "frogos-flake": {
      "inputs": {
        "executor-src": "executor-src",
        "fenix": "fenix",
        "flake-utils": "flake-utils_4",
        "nixpkgs": [
          "nixpkgs"
        ],
        "planner-src": "planner-src",
        "supervisor-src": "supervisor-src",
        "toad-src": "toad-src",
        "treefmt-nix": "treefmt-nix_3"
      },
      "locked": {
        "lastModified": 1782407813,
        "narHash": "sha256-Czh1d6q06ti39nMntd61J0l82e92Js9Ty7Fo7YibEn4=",
        "ref": "refs/heads/main",
        "rev": "867b303e0750606c19f47c956e5218fdd239d642",
        "revCount": 20,
        "type": "git",
        "url": "https://git.cherdak.work/FrogOS/FrogOS"
      },
      "original": {
        "type": "git",
        "url": "https://git.cherdak.work/FrogOS/FrogOS"
      }
    },
    "frogos-ir": {
      "inputs": {
        "flake-utils": "flake-utils_2",
        "nixpkgs": "nixpkgs",
        "systems": "systems_3",
        "treefmt-nix": "treefmt-nix"
      },
      "locked": {
        "lastModified": 1782155160,
        "narHash": "sha256-dwvGmC01/8Y9lxFQ87ZedvgVhd6/hidlBbLnwgpgh0M=",
        "ref": "refs/heads/main",
        "rev": "ee94de3361f2d4d69e18a1aeb8fca8438cbb76bc",
        "revCount": 49,
        "type": "git",
        "url": "https://git.cherdak.work/FrogOS/IR"
      },
      "original": {
        "type": "git",
        "url": "https://git.cherdak.work/FrogOS/IR"
      }
    },
    "nixpkgs": {
      "locked": {
        "lastModified": 1780749050,
        "narHash": "sha256-3av0pIjlOWQ6rDbNOmpUSvbNnJkGORQKKjb4LtCZsIY=",
        "owner": "NixOS",
        "repo": "nixpkgs",
        "rev": "a799d3e3886da994fa307f817a6bc705ae538eeb",
        "type": "github"
      },
      "original": {
        "owner": "NixOS",
        "ref": "nixos-unstable",
        "repo": "nixpkgs",
        "type": "github"
      }
    },
    "nixpkgs_2": {
      "locked": {
        "lastModified": 1770107345,
        "narHash": "sha256-tbS0Ebx2PiA1FRW8mt8oejR0qMXmziJmPaU1d4kYY9g=",
        "owner": "nixos",
        "repo": "nixpkgs",
        "rev": "4533d9293756b63904b7238acb84ac8fe4c8c2c4",
        "type": "github"
      },
      "original": {
        "owner": "nixos",
        "ref": "nixpkgs-unstable",
        "repo": "nixpkgs",
        "type": "github"
      }
    },
    "nixpkgs_3": {
      "locked": {
        "lastModified": 1770107345,
        "narHash": "sha256-tbS0Ebx2PiA1FRW8mt8oejR0qMXmziJmPaU1d4kYY9g=",
        "owner": "nixos",
        "repo": "nixpkgs",
        "rev": "4533d9293756b63904b7238acb84ac8fe4c8c2c4",
        "type": "github"
      },
      "original": {
        "owner": "nixos",
        "ref": "nixpkgs-unstable",
        "repo": "nixpkgs",
        "type": "github"
      }
    },
    "nixpkgs_4": {
      "locked": {
        "lastModified": 1770107345,
        "narHash": "sha256-tbS0Ebx2PiA1FRW8mt8oejR0qMXmziJmPaU1d4kYY9g=",
        "owner": "nixos",
        "repo": "nixpkgs",
        "rev": "4533d9293756b63904b7238acb84ac8fe4c8c2c4",
        "type": "github"
      },
      "original": {
        "owner": "nixos",
        "ref": "nixpkgs-unstable",
        "repo": "nixpkgs",
        "type": "github"
      }
    },
    "nixpkgs_5": {
      "locked": {
        "lastModified": 1781577229,
        "narHash": "sha256-lrp67w8AulE9Ks53n27I45ADSzbOCn4H+CNW1Ck8B+8=",
        "owner": "NixOS",
        "repo": "nixpkgs",
        "rev": "567a49d1913ce81ac6e9582e3553dd90a955875f",
        "type": "github"
      },
      "original": {
        "owner": "NixOS",
        "ref": "nixos-unstable",
        "repo": "nixpkgs",
        "type": "github"
      }
    },
    "planner-src": {
      "flake": false,
      "locked": {
        "lastModified": 1782313030,
        "narHash": "sha256-KnpLlFuP21hmd17RfB762RJvDfML2H/n+SeddfqB+qY=",
        "ref": "refs/heads/main",
        "rev": "a6621d1af256bbdbfc9a3eeb07ba3c5b6a08fb6e",
        "revCount": 66,
        "type": "git",
        "url": "https://git.cherdak.work/FrogOS/planner"
      },
      "original": {
        "type": "git",
        "url": "https://git.cherdak.work/FrogOS/planner"
      }
    },
    "root": {
      "inputs": {
        "dsl-flake": "dsl-flake",
        "flake-utils": "flake-utils_3",
        "frogos-flake": "frogos-flake",
        "nixpkgs": "nixpkgs_5"
      }
    },
    "rust-analyzer-src": {
      "flake": false,
      "locked": {
        "lastModified": 1782126558,
        "narHash": "sha256-HLXplzCGoc5mBVXdJriEsfX0gLDNXZ+O5urcdTmLP+E=",
        "owner": "rust-lang",
        "repo": "rust-analyzer",
        "rev": "ff5fcc70d9bcdc54db365114e2f7b1c18056ed4f",
        "type": "github"
      },
      "original": {
        "owner": "rust-lang",
        "ref": "nightly",
        "repo": "rust-analyzer",
        "type": "github"
      }
    },
    "supervisor-src": {
      "flake": false,
      "locked": {
        "lastModified": 1782313943,
        "narHash": "sha256-Lx1DibCycNBB0jnKKYiruqG39rv5iKPGjKRR2Kq+/UY=",
        "ref": "refs/heads/main",
        "rev": "686e67010d541b4c9280c158845d63f5f06095a9",
        "revCount": 31,
        "type": "git",
        "url": "https://git.cherdak.work/FrogOS/Supervisor"
      },
      "original": {
        "type": "git",
        "url": "https://git.cherdak.work/FrogOS/Supervisor"
      }
    },
    "systems": {
      "locked": {
        "lastModified": 1681028828,
        "narHash": "sha256-Vy1rq5AaRuLzOxct8nz4T6wlgyUR7zLU309k9mBC768=",
        "owner": "nix-systems",
        "repo": "default",
        "rev": "da67096a3b9bf56a91d16901293e51ba5b49a27e",
        "type": "github"
      },
      "original": {
        "owner": "nix-systems",
        "repo": "default",
        "type": "github"
      }
    },
    "systems_2": {
      "locked": {
        "lastModified": 1681028828,
        "narHash": "sha256-Vy1rq5AaRuLzOxct8nz4T6wlgyUR7zLU309k9mBC768=",
        "owner": "nix-systems",
        "repo": "default",
        "rev": "da67096a3b9bf56a91d16901293e51ba5b49a27e",
        "type": "github"
      },
      "original": {
        "owner": "nix-systems",
        "repo": "default",
        "type": "github"
      }
    },
    "systems_3": {
      "locked": {
        "lastModified": 1681028828,
        "narHash": "sha256-Vy1rq5AaRuLzOxct8nz4T6wlgyUR7zLU309k9mBC768=",
        "owner": "nix-systems",
        "repo": "default",
        "rev": "da67096a3b9bf56a91d16901293e51ba5b49a27e",
        "type": "github"
      },
      "original": {
        "owner": "nix-systems",
        "repo": "default",
        "type": "github"
      }
    },
    "systems_4": {
      "locked": {
        "lastModified": 1681028828,
        "narHash": "sha256-Vy1rq5AaRuLzOxct8nz4T6wlgyUR7zLU309k9mBC768=",
        "owner": "nix-systems",
        "repo": "default",
        "rev": "da67096a3b9bf56a91d16901293e51ba5b49a27e",
        "type": "github"
      },
      "original": {
        "owner": "nix-systems",
        "repo": "default",
        "type": "github"
      }
    },
    "systems_5": {
      "locked": {
        "lastModified": 1681028828,
        "narHash": "sha256-Vy1rq5AaRuLzOxct8nz4T6wlgyUR7zLU309k9mBC768=",
        "owner": "nix-systems",
        "repo": "default",
        "rev": "da67096a3b9bf56a91d16901293e51ba5b49a27e",
        "type": "github"
      },
      "original": {
        "owner": "nix-systems",
        "repo": "default",
        "type": "github"
      }
    },
    "systems_6": {
      "locked": {
        "lastModified": 1681028828,
        "narHash": "sha256-Vy1rq5AaRuLzOxct8nz4T6wlgyUR7zLU309k9mBC768=",
        "owner": "nix-systems",
        "repo": "default",
        "rev": "da67096a3b9bf56a91d16901293e51ba5b49a27e",
        "type": "github"
      },
      "original": {
        "owner": "nix-systems",
        "repo": "default",
        "type": "github"
      }
    },
    "toad-src": {
      "flake": false,
      "locked": {
        "lastModified": 1782313030,
        "narHash": "sha256-bV6IpX7R4w0mzsCy89LK2qPRe0OdbfjtDmSPXHpGTy0=",
        "ref": "feat/issue-3-observation-probes",
        "rev": "30dc627afdfd8f8354200b811427175e3de84a97",
        "revCount": 28,
        "type": "git",
        "url": "https://git.cherdak.work/FrogOS/Toad"
      },
      "original": {
        "ref": "feat/issue-3-observation-probes",
        "type": "git",
        "url": "https://git.cherdak.work/FrogOS/Toad"
      }
    },
    "treefmt-nix": {
      "inputs": {
        "nixpkgs": "nixpkgs_2"
      },
      "locked": {
        "lastModified": 1780220602,
        "narHash": "sha256-eynAfOmbmxJnkp7YewvCEbShNnnYJ9gLLqkzsYtBPeM=",
        "owner": "numtide",
        "repo": "treefmt-nix",
        "rev": "db947814a175b7ca6ded66e21383d938df01c227",
        "type": "github"
      },
      "original": {
        "owner": "numtide",
        "repo": "treefmt-nix",
        "type": "github"
      }
    },
    "treefmt-nix_2": {
      "inputs": {
        "nixpkgs": "nixpkgs_3"
      },
      "locked": {
        "lastModified": 1780220602,
        "narHash": "sha256-eynAfOmbmxJnkp7YewvCEbShNnnYJ9gLLqkzsYtBPeM=",
        "owner": "numtide",
        "repo": "treefmt-nix",
        "rev": "db947814a175b7ca6ded66e21383d938df01c227",
        "type": "github"
      },
      "original": {
        "owner": "numtide",
        "repo": "treefmt-nix",
        "type": "github"
      }
    },
    "treefmt-nix_3": {
      "inputs": {
        "nixpkgs": "nixpkgs_4"
      },
      "locked": {
        "lastModified": 1780220602,
        "narHash": "sha256-eynAfOmbmxJnkp7YewvCEbShNnnYJ9gLLqkzsYtBPeM=",
        "owner": "numtide",
        "repo": "treefmt-nix",
        "rev": "db947814a175b7ca6ded66e21383d938df01c227",
        "type": "github"
      },
      "original": {
        "owner": "numtide",
        "repo": "treefmt-nix",
        "type": "github"
      }
    }
  },
  "root": "root",
  "version": 7
}
