{
  "nodes": {
    "dsl-flake": {
      "inputs": {
        "flake-utils": "flake-utils",
        "frogos-ir": "frogos-ir",
        "nixpkgs": [
          "nixpkgs"
        ],
        "systems": "systems_4",
        "treefmt-nix": "treefmt-nix_2"
      },
      "locked": {
        "lastModified": 1782663004,
        "narHash": "sha256-uIKGIezS1cxcNlvfzmHAFnE+F9hxEQiWnjNqMQK9ndk=",
        "ref": "refs/heads/main",
        "rev": "f66e0465ac905cc3d43245a29211c7492af17915",
        "revCount": 222,
        "type": "git",
        "url": "https://git.cherdak.work/FrogOS/DSL"
      },
      "original": {
        "type": "git",
        "url": "https://git.cherdak.work/FrogOS/DSL"
      }
    },
    "executor-src": {
      "flake": false,
      "locked": {
        "lastModified": 1782673948,
        "narHash": "sha256-P1aO29Na9pXkE16Rg/HhiHt+Awi5JW54K/SG0AJ+AFU=",
        "ref": "refs/heads/main",
        "rev": "66bfbef035737ba56dfbe658d511a927d5d3b365",
        "revCount": 62,
        "type": "git",
        "url": "https://git.cherdak.work/FrogOS/Executor"
      },
      "original": {
        "type": "git",
        "url": "https://git.cherdak.work/FrogOS/Executor"
      }
    },
    "fenix": {
      "inputs": {
        "nixpkgs": [
          "frogos-flake",
          "nixpkgs"
        ],
        "rust-analyzer-src": "rust-analyzer-src"
      },
      "locked": {
        "lastModified": 1782550137,
        "narHash": "sha256-XvgBjuAmdT7fvltu56lvZULtDHCr0BLVdEAdfQQlYqw=",
        "owner": "nix-community",
        "repo": "fenix",
        "rev": "4febf815bd2c2f1181e027c5b07fb66d85317cc6",
        "type": "github"
      },
      "original": {
        "owner": "nix-community",
        "repo": "fenix",
        "type": "github"
      }
    },
    "flake-utils": {
      "inputs": {
        "systems": "systems"
      },
      "locked": {
        "lastModified": 1731533236,
        "narHash": "sha256-l0KFg5HjrsfsO/JpG+r7fRrqm12kzFHyUHqHCVpMMbI=",
        "owner": "numtide",
        "repo": "flake-utils",
        "rev": "11707dc2f618dd54ca8739b309ec4fc024de578b",
        "type": "github"
      },
      "original": {
        "owner": "numtide",
        "repo": "flake-utils",
        "type": "github"
      }
    },
    "flake-utils_2": {
      "inputs": {
        "systems": "systems_2"
      },
      "locked": {
        "lastModified": 1731533236,
        "narHash": "sha256-l0KFg5HjrsfsO/JpG+r7fRrqm12kzFHyUHqHCVpMMbI=",
        "owner": "numtide",
        "repo": "flake-utils",
        "rev": "11707dc2f618dd54ca8739b309ec4fc024de578b",
        "type": "github"
      },
      "original": {
        "owner": "numtide",
        "repo": "flake-utils",
        "type": "github"
      }
    },
    "flake-utils_3": {
      "inputs": {
        "systems": "systems_5"
      },
      "locked": {
        "lastModified": 1731533236,
        "narHash": "sha256-l0KFg5HjrsfsO/JpG+r7fRrqm12kzFHyUHqHCVpMMbI=",
        "owner": "numtide",
        "repo": "flake-utils",
        "rev": "11707dc2f618dd54ca8739b309ec4fc024de578b",
        "type": "github"
      },
      "original": {
        "owner": "numtide",
        "repo": "flake-utils",
        "type": "github"
      }
    },
    "flake-utils_4": {
      "inputs": {
        "systems": "systems_6"
      },
      "locked": {
        "lastModified": 1731533236,
        "narHash": "sha256-l0KFg5HjrsfsO/JpG+r7fRrqm12kzFHyUHqHCVpMMbI=",
        "owner": "numtide",
        "repo": "flake-utils",
        "rev": "11707dc2f618dd54ca8739b309ec4fc024de578b",
        "type": "github"
      },
      "original": {
        "owner": "numtide",
        "repo": "flake-utils",
        "type": "github"
      }
    },
    "frogos-flake": {
      "inputs": {
        "executor-src": "executor-src",
        "fenix": "fenix",
        "flake-utils": "flake-utils_4",
        "ir-src": "ir-src",
        "nixpkgs": [
          "nixpkgs"
        ],
        "planner-src": "planner-src",
        "supervisor-src": "supervisor-src",
        "toad-src": [
          "toad-src"
        ],
        "treefmt-nix": "treefmt-nix_3"
      },
      "locked": {
        "lastModified": 1782673983,
        "narHash": "sha256-0KnehvORHDdqPpLNfF7X4AKvU/oVjHmSR3J4+8WfpUc=",
        "ref": "refs/heads/main",
        "rev": "1da0a19c98de1c5cc99751a7362fc09c67f10a8d",
        "revCount": 62,
        "type": "git",
        "url": "https://git.cherdak.work/FrogOS/FrogOS"
      },
      "original": {
        "type": "git",
        "url": "https://git.cherdak.work/FrogOS/FrogOS"
      }
    },
    "frogos-ir": {
      "inputs": {
        "flake-utils": "flake-utils_2",
        "nixpkgs": "nixpkgs",
        "systems": "systems_3",
        "treefmt-nix": "treefmt-nix"
      },
      "locked": {
        "lastModified": 1782662785,
        "narHash": "sha256-ZYLjpUUoSFpeW59KrPW/gVbZPOqg25H7GO7z6SPF8HQ=",
        "ref": "refs/heads/main",
        "rev": "137cdef7ec4a34ca1aeac3f6c7d1ea60e8bab94e",
        "revCount": 71,
        "type": "git",
        "url": "https://git.cherdak.work/FrogOS/IR"
      },
      "original": {
        "type": "git",
        "url": "https://git.cherdak.work/FrogOS/IR"
      }
    },
    "ir-src": {
      "flake": false,
      "locked": {
        "lastModified": 1782662785,
        "narHash": "sha256-ZYLjpUUoSFpeW59KrPW/gVbZPOqg25H7GO7z6SPF8HQ=",
        "ref": "refs/heads/main",
        "rev": "137cdef7ec4a34ca1aeac3f6c7d1ea60e8bab94e",
        "revCount": 71,
        "type": "git",
        "url": "https://git.cherdak.work/FrogOS/IR"
      },
      "original": {
        "type": "git",
        "url": "https://git.cherdak.work/FrogOS/IR"
      }
    },
    "nixpkgs": {
      "locked": {
        "lastModified": 1782467914,
        "narHash": "sha256-pGvFkM8N0xEkIIXDe5YYfbEAvHrk4IxBrjB/x8OomhE=",
        "owner": "NixOS",
        "repo": "nixpkgs",
        "rev": "e73de5be04e0eff4190a1432b946d469c794e7b4",
        "type": "github"
      },
      "original": {
        "owner": "NixOS",
        "ref": "nixos-unstable",
        "repo": "nixpkgs",
        "type": "github"
      }
    },
    "nixpkgs_2": {
      "locked": {
        "lastModified": 1770107345,
        "narHash": "sha256-tbS0Ebx2PiA1FRW8mt8oejR0qMXmziJmPaU1d4kYY9g=",
        "owner": "nixos",
        "repo": "nixpkgs",
        "rev": "4533d9293756b63904b7238acb84ac8fe4c8c2c4",
        "type": "github"
      },
      "original": {
        "owner": "nixos",
        "ref": "nixpkgs-unstable",
        "repo": "nixpkgs",
        "type": "github"
      }
    },
    "nixpkgs_3": {
      "locked": {
        "lastModified": 1770107345,
        "narHash": "sha256-tbS0Ebx2PiA1FRW8mt8oejR0qMXmziJmPaU1d4kYY9g=",
        "owner": "nixos",
        "repo": "nixpkgs",
        "rev": "4533d9293756b63904b7238acb84ac8fe4c8c2c4",
        "type": "github"
      },
      "original": {
        "owner": "nixos",
        "ref": "nixpkgs-unstable",
        "repo": "nixpkgs",
        "type": "github"
      }
    },
    "nixpkgs_4": {
      "locked": {
        "lastModified": 1770107345,
        "narHash": "sha256-tbS0Ebx2PiA1FRW8mt8oejR0qMXmziJmPaU1d4kYY9g=",
        "owner": "nixos",
        "repo": "nixpkgs",
        "rev": "4533d9293756b63904b7238acb84ac8fe4c8c2c4",
        "type": "github"
      },
      "original": {
        "owner": "nixos",
        "ref": "nixpkgs-unstable",
        "repo": "nixpkgs",
        "type": "github"
      }
    },
    "nixpkgs_5": {
      "locked": {
        "lastModified": 1782467914,
        "narHash": "sha256-pGvFkM8N0xEkIIXDe5YYfbEAvHrk4IxBrjB/x8OomhE=",
        "owner": "NixOS",
        "repo": "nixpkgs",
        "rev": "e73de5be04e0eff4190a1432b946d469c794e7b4",
        "type": "github"
      },
      "original": {
        "owner": "NixOS",
        "ref": "nixos-unstable",
        "repo": "nixpkgs",
        "type": "github"
      }
    },
    "planner-src": {
      "flake": false,
      "locked": {
        "lastModified": 1782671013,
        "narHash": "sha256-yBp+1JZU1TfuPzLtaMgz2KBzDZ6HbVKLt++gDiwfzXI=",
        "ref": "refs/heads/main",
        "rev": "c4f446e7f9b9b22b0feba628db0e48acb13cb032",
        "revCount": 109,
        "type": "git",
        "url": "https://git.cherdak.work/FrogOS/planner"
      },
      "original": {
        "type": "git",
        "url": "https://git.cherdak.work/FrogOS/planner"
      }
    },
    "root": {
      "inputs": {
        "dsl-flake": "dsl-flake",
        "flake-utils": "flake-utils_3",
        "frogos-flake": "frogos-flake",
        "nixpkgs": "nixpkgs_5",
        "toad-src": "toad-src"
      }
    },
    "rust-analyzer-src": {
      "flake": false,
      "locked": {
        "lastModified": 1782469328,
        "narHash": "sha256-EVrPvYr7VtAtiUWdKglwTSVT+KgQNcZ8EEWL/CnBC0o=",
        "owner": "rust-lang",
        "repo": "rust-analyzer",
        "rev": "a77548188dbecc332bdc292b01a5077ec770cd98",
        "type": "github"
      },
      "original": {
        "owner": "rust-lang",
        "ref": "nightly",
        "repo": "rust-analyzer",
        "type": "github"
      }
    },
    "supervisor-src": {
      "flake": false,
      "locked": {
        "lastModified": 1782673112,
        "narHash": "sha256-ePO40E4qhyFZ2qZZyFIZjXvHQHDPj6MzTVZLhaYMcw4=",
        "ref": "refs/heads/main",
        "rev": "f5401abb56299a4a965c74716be06ef24adef397",
        "revCount": 45,
        "type": "git",
        "url": "https://git.cherdak.work/FrogOS/Supervisor"
      },
      "original": {
        "type": "git",
        "url": "https://git.cherdak.work/FrogOS/Supervisor"
      }
    },
    "systems": {
      "locked": {
        "lastModified": 1681028828,
        "narHash": "sha256-Vy1rq5AaRuLzOxct8nz4T6wlgyUR7zLU309k9mBC768=",
        "owner": "nix-systems",
        "repo": "default",
        "rev": "da67096a3b9bf56a91d16901293e51ba5b49a27e",
        "type": "github"
      },
      "original": {
        "owner": "nix-systems",
        "repo": "default",
        "type": "github"
      }
    },
    "systems_2": {
      "locked": {
        "lastModified": 1681028828,
        "narHash": "sha256-Vy1rq5AaRuLzOxct8nz4T6wlgyUR7zLU309k9mBC768=",
        "owner": "nix-systems",
        "repo": "default",
        "rev": "da67096a3b9bf56a91d16901293e51ba5b49a27e",
        "type": "github"
      },
      "original": {
        "owner": "nix-systems",
        "repo": "default",
        "type": "github"
      }
    },
    "systems_3": {
      "locked": {
        "lastModified": 1681028828,
        "narHash": "sha256-Vy1rq5AaRuLzOxct8nz4T6wlgyUR7zLU309k9mBC768=",
        "owner": "nix-systems",
        "repo": "default",
        "rev": "da67096a3b9bf56a91d16901293e51ba5b49a27e",
        "type": "github"
      },
      "original": {
        "owner": "nix-systems",
        "repo": "default",
        "type": "github"
      }
    },
    "systems_4": {
      "locked": {
        "lastModified": 1681028828,
        "narHash": "sha256-Vy1rq5AaRuLzOxct8nz4T6wlgyUR7zLU309k9mBC768=",
        "owner": "nix-systems",
        "repo": "default",
        "rev": "da67096a3b9bf56a91d16901293e51ba5b49a27e",
        "type": "github"
      },
      "original": {
        "owner": "nix-systems",
        "repo": "default",
        "type": "github"
      }
    },
    "systems_5": {
      "locked": {
        "lastModified": 1681028828,
        "narHash": "sha256-Vy1rq5AaRuLzOxct8nz4T6wlgyUR7zLU309k9mBC768=",
        "owner": "nix-systems",
        "repo": "default",
        "rev": "da67096a3b9bf56a91d16901293e51ba5b49a27e",
        "type": "github"
      },
      "original": {
        "owner": "nix-systems",
        "repo": "default",
        "type": "github"
      }
    },
    "systems_6": {
      "locked": {
        "lastModified": 1681028828,
        "narHash": "sha256-Vy1rq5AaRuLzOxct8nz4T6wlgyUR7zLU309k9mBC768=",
        "owner": "nix-systems",
        "repo": "default",
        "rev": "da67096a3b9bf56a91d16901293e51ba5b49a27e",
        "type": "github"
      },
      "original": {
        "owner": "nix-systems",
        "repo": "default",
        "type": "github"
      }
    },
    "toad-src": {
      "flake": false,
      "locked": {
        "lastModified": 1782663129,
        "narHash": "sha256-DThR3baXIzhF5Ckymdr1nMbIydpNLi/uDUoPXfnkYJQ=",
        "ref": "refs/heads/main",
        "rev": "740349c3de454e6f41dfe98c83a172522dc7da9c",
        "revCount": 41,
        "type": "git",
        "url": "https://git.cherdak.work/FrogOS/Toad"
      },
      "original": {
        "type": "git",
        "url": "https://git.cherdak.work/FrogOS/Toad"
      }
    },
    "treefmt-nix": {
      "inputs": {
        "nixpkgs": "nixpkgs_2"
      },
      "locked": {
        "lastModified": 1780220602,
        "narHash": "sha256-eynAfOmbmxJnkp7YewvCEbShNnnYJ9gLLqkzsYtBPeM=",
        "owner": "numtide",
        "repo": "treefmt-nix",
        "rev": "db947814a175b7ca6ded66e21383d938df01c227",
        "type": "github"
      },
      "original": {
        "owner": "numtide",
        "repo": "treefmt-nix",
        "type": "github"
      }
    },
    "treefmt-nix_2": {
      "inputs": {
        "nixpkgs": "nixpkgs_3"
      },
      "locked": {
        "lastModified": 1780220602,
        "narHash": "sha256-eynAfOmbmxJnkp7YewvCEbShNnnYJ9gLLqkzsYtBPeM=",
        "owner": "numtide",
        "repo": "treefmt-nix",
        "rev": "db947814a175b7ca6ded66e21383d938df01c227",
        "type": "github"
      },
      "original": {
        "owner": "numtide",
        "repo": "treefmt-nix",
        "type": "github"
      }
    },
    "treefmt-nix_3": {
      "inputs": {
        "nixpkgs": "nixpkgs_4"
      },
      "locked": {
        "lastModified": 1780220602,
        "narHash": "sha256-eynAfOmbmxJnkp7YewvCEbShNnnYJ9gLLqkzsYtBPeM=",
        "owner": "numtide",
        "repo": "treefmt-nix",
        "rev": "db947814a175b7ca6ded66e21383d938df01c227",
        "type": "github"
      },
      "original": {
        "owner": "numtide",
        "repo": "treefmt-nix",
        "type": "github"
      }
    }
  },
  "root": "root",
  "version": 7
}
