{
  "nodes": {
    "dsl-flake": {
      "inputs": {
        "flake-utils": "flake-utils",
        "frogos-ir": "frogos-ir",
        "nixpkgs": [
          "nixpkgs"
        ],
        "systems": "systems_4",
        "treefmt-nix": "treefmt-nix_2"
      },
      "locked": {
        "lastModified": 1782645537,
        "narHash": "sha256-JmYHFyKcNeBFfycpDXPCnYg0VQsqdKQ3A6C8XdAGWa0=",
        "ref": "refs/heads/main",
        "rev": "50624fbf5791516b7a05ec9e6fd05d3125057a61",
        "revCount": 221,
        "type": "git",
        "url": "https://git.cherdak.work/FrogOS/DSL"
      },
      "original": {
        "type": "git",
        "url": "https://git.cherdak.work/FrogOS/DSL"
      }
    },
    "executor-src": {
      "flake": false,
      "locked": {
        "lastModified": 1782658444,
        "narHash": "sha256-8leiP7qDH1t3CC5iArSx8fr56IafQ4snQTAjMBzoauc=",
        "ref": "refs/heads/main",
        "rev": "acb1f19bcac6a3e1a26e7a2830844869c06885a5",
        "revCount": 49,
        "type": "git",
        "url": "https://git.cherdak.work/FrogOS/Executor"
      },
      "original": {
        "type": "git",
        "url": "https://git.cherdak.work/FrogOS/Executor"
      }
    },
    "fenix": {
      "inputs": {
        "nixpkgs": [
          "frogos-flake",
          "nixpkgs"
        ],
        "rust-analyzer-src": "rust-analyzer-src"
      },
      "locked": {
        "lastModified": 1782550137,
        "narHash": "sha256-XvgBjuAmdT7fvltu56lvZULtDHCr0BLVdEAdfQQlYqw=",
        "owner": "nix-community",
        "repo": "fenix",
        "rev": "4febf815bd2c2f1181e027c5b07fb66d85317cc6",
        "type": "github"
      },
      "original": {
        "owner": "nix-community",
        "repo": "fenix",
        "type": "github"
      }
    },
    "flake-utils": {
      "inputs": {
        "systems": "systems"
      },
      "locked": {
        "lastModified": 1731533236,
        "narHash": "sha256-l0KFg5HjrsfsO/JpG+r7fRrqm12kzFHyUHqHCVpMMbI=",
        "owner": "numtide",
        "repo": "flake-utils",
        "rev": "11707dc2f618dd54ca8739b309ec4fc024de578b",
        "type": "github"
      },
      "original": {
        "owner": "numtide",
        "repo": "flake-utils",
        "type": "github"
      }
    },
    "flake-utils_2": {
      "inputs": {
        "systems": "systems_2"
      },
      "locked": {
        "lastModified": 1731533236,
        "narHash": "sha256-l0KFg5HjrsfsO/JpG+r7fRrqm12kzFHyUHqHCVpMMbI=",
        "owner": "numtide",
        "repo": "flake-utils",
        "rev": "11707dc2f618dd54ca8739b309ec4fc024de578b",
        "type": "github"
      },
      "original": {
        "owner": "numtide",
        "repo": "flake-utils",
        "type": "github"
      }
    },
    "flake-utils_3": {
      "inputs": {
        "systems": "systems_5"
      },
      "locked": {
        "lastModified": 1731533236,
        "narHash": "sha256-l0KFg5HjrsfsO/JpG+r7fRrqm12kzFHyUHqHCVpMMbI=",
        "owner": "numtide",
        "repo": "flake-utils",
        "rev": "11707dc2f618dd54ca8739b309ec4fc024de578b",
        "type": "github"
      },
      "original": {
        "owner": "numtide",
        "repo": "flake-utils",
        "type": "github"
      }
    },
    "flake-utils_4": {
      "inputs": {
        "systems": "systems_6"
      },
      "locked": {
        "lastModified": 1731533236,
        "narHash": "sha256-l0KFg5HjrsfsO/JpG+r7fRrqm12kzFHyUHqHCVpMMbI=",
        "owner": "numtide",
        "repo": "flake-utils",
        "rev": "11707dc2f618dd54ca8739b309ec4fc024de578b",
        "type": "github"
      },
      "original": {
        "owner": "numtide",
        "repo": "flake-utils",
        "type": "github"
      }
    },
    "frogos-flake": {
      "inputs": {
        "executor-src": "executor-src",
        "fenix": "fenix",
        "flake-utils": "flake-utils_4",
        "ir-src": "ir-src",
        "nixpkgs": [
          "nixpkgs"
        ],
        "planner-src": "planner-src",
        "supervisor-src": "supervisor-src",
        "toad-src": [
          "toad-src"
        ],
        "treefmt-nix": "treefmt-nix_3"
      },
      "locked": {
        "lastModified": 1782658625,
        "narHash": "sha256-PDXD3jVPeLgmpa36lOd36V95+yUl1QE2oPyEcSSq1is=",
        "ref": "refs/heads/main",
        "rev": "b0c0056c1fe287d0732d5d40b9317b2df8caadde",
        "revCount": 47,
        "type": "git",
        "url": "https://git.cherdak.work/FrogOS/FrogOS"
      },
      "original": {
        "type": "git",
        "url": "https://git.cherdak.work/FrogOS/FrogOS"
      }
    },
    "frogos-ir": {
      "inputs": {
        "flake-utils": "flake-utils_2",
        "nixpkgs": "nixpkgs",
        "systems": "systems_3",
        "treefmt-nix": "treefmt-nix"
      },
      "locked": {
        "lastModified": 1782427305,
        "narHash": "sha256-BWq77lwd0qURJ9NQL1gcdvalc9M3fmgeQOjPAFcPdDw=",
        "ref": "refs/heads/main",
        "rev": "57ec8770562f978c53ae75e5c4083201b6f6b25f",
        "revCount": 68,
        "type": "git",
        "url": "https://git.cherdak.work/FrogOS/IR"
      },
      "original": {
        "type": "git",
        "url": "https://git.cherdak.work/FrogOS/IR"
      }
    },
    "ir-src": {
      "flake": false,
      "locked": {
        "lastModified": 1782430507,
        "narHash": "sha256-oOobijZdV8xcX7dNCwfW/BooMZcLwHjdoIfBUfT5Nfg=",
        "ref": "refs/heads/main",
        "rev": "d354cd5b093f4dfad6b8645cb7fc9fc439d63f0c",
        "revCount": 69,
        "type": "git",
        "url": "https://git.cherdak.work/FrogOS/IR"
      },
      "original": {
        "type": "git",
        "url": "https://git.cherdak.work/FrogOS/IR"
      }
    },
    "nixpkgs": {
      "locked": {
        "lastModified": 1780749050,
        "narHash": "sha256-3av0pIjlOWQ6rDbNOmpUSvbNnJkGORQKKjb4LtCZsIY=",
        "owner": "NixOS",
        "repo": "nixpkgs",
        "rev": "a799d3e3886da994fa307f817a6bc705ae538eeb",
        "type": "github"
      },
      "original": {
        "owner": "NixOS",
        "ref": "nixos-unstable",
        "repo": "nixpkgs",
        "type": "github"
      }
    },
    "nixpkgs_2": {
      "locked": {
        "lastModified": 1770107345,
        "narHash": "sha256-tbS0Ebx2PiA1FRW8mt8oejR0qMXmziJmPaU1d4kYY9g=",
        "owner": "nixos",
        "repo": "nixpkgs",
        "rev": "4533d9293756b63904b7238acb84ac8fe4c8c2c4",
        "type": "github"
      },
      "original": {
        "owner": "nixos",
        "ref": "nixpkgs-unstable",
        "repo": "nixpkgs",
        "type": "github"
      }
    },
    "nixpkgs_3": {
      "locked": {
        "lastModified": 1770107345,
        "narHash": "sha256-tbS0Ebx2PiA1FRW8mt8oejR0qMXmziJmPaU1d4kYY9g=",
        "owner": "nixos",
        "repo": "nixpkgs",
        "rev": "4533d9293756b63904b7238acb84ac8fe4c8c2c4",
        "type": "github"
      },
      "original": {
        "owner": "nixos",
        "ref": "nixpkgs-unstable",
        "repo": "nixpkgs",
        "type": "github"
      }
    },
    "nixpkgs_4": {
      "locked": {
        "lastModified": 1770107345,
        "narHash": "sha256-tbS0Ebx2PiA1FRW8mt8oejR0qMXmziJmPaU1d4kYY9g=",
        "owner": "nixos",
        "repo": "nixpkgs",
        "rev": "4533d9293756b63904b7238acb84ac8fe4c8c2c4",
        "type": "github"
      },
      "original": {
        "owner": "nixos",
        "ref": "nixpkgs-unstable",
        "repo": "nixpkgs",
        "type": "github"
      }
    },
    "nixpkgs_5": {
      "locked": {
        "lastModified": 1782467914,
        "narHash": "sha256-pGvFkM8N0xEkIIXDe5YYfbEAvHrk4IxBrjB/x8OomhE=",
        "owner": "NixOS",
        "repo": "nixpkgs",
        "rev": "e73de5be04e0eff4190a1432b946d469c794e7b4",
        "type": "github"
      },
      "original": {
        "owner": "NixOS",
        "ref": "nixos-unstable",
        "repo": "nixpkgs",
        "type": "github"
      }
    },
    "planner-src": {
      "flake": false,
      "locked": {
        "lastModified": 1782658384,
        "narHash": "sha256-yFNIYHX29DiKaFEMTb4+93MLuTq4MB/l/JgTKhiJQpw=",
        "ref": "refs/heads/main",
        "rev": "7fae72ddb10ff3201193be2df30bf00852857d46",
        "revCount": 101,
        "type": "git",
        "url": "https://git.cherdak.work/FrogOS/planner"
      },
      "original": {
        "type": "git",
        "url": "https://git.cherdak.work/FrogOS/planner"
      }
    },
    "root": {
      "inputs": {
        "dsl-flake": "dsl-flake",
        "flake-utils": "flake-utils_3",
        "frogos-flake": "frogos-flake",
        "nixpkgs": "nixpkgs_5",
        "toad-src": "toad-src"
      }
    },
    "rust-analyzer-src": {
      "flake": false,
      "locked": {
        "lastModified": 1782469328,
        "narHash": "sha256-EVrPvYr7VtAtiUWdKglwTSVT+KgQNcZ8EEWL/CnBC0o=",
        "owner": "rust-lang",
        "repo": "rust-analyzer",
        "rev": "a77548188dbecc332bdc292b01a5077ec770cd98",
        "type": "github"
      },
      "original": {
        "owner": "rust-lang",
        "ref": "nightly",
        "repo": "rust-analyzer",
        "type": "github"
      }
    },
    "supervisor-src": {
      "flake": false,
      "locked": {
        "lastModified": 1782658456,
        "narHash": "sha256-96jZY2GRkFxiKdQLdTB4D90e/Mg4aLBYPbH+PJd84qA=",
        "ref": "refs/heads/main",
        "rev": "8524966ae4a9e87b44fb90879c62b4f908726e52",
        "revCount": 36,
        "type": "git",
        "url": "https://git.cherdak.work/FrogOS/Supervisor"
      },
      "original": {
        "type": "git",
        "url": "https://git.cherdak.work/FrogOS/Supervisor"
      }
    },
    "systems": {
      "locked": {
        "lastModified": 1681028828,
        "narHash": "sha256-Vy1rq5AaRuLzOxct8nz4T6wlgyUR7zLU309k9mBC768=",
        "owner": "nix-systems",
        "repo": "default",
        "rev": "da67096a3b9bf56a91d16901293e51ba5b49a27e",
        "type": "github"
      },
      "original": {
        "owner": "nix-systems",
        "repo": "default",
        "type": "github"
      }
    },
    "systems_2": {
      "locked": {
        "lastModified": 1681028828,
        "narHash": "sha256-Vy1rq5AaRuLzOxct8nz4T6wlgyUR7zLU309k9mBC768=",
        "owner": "nix-systems",
        "repo": "default",
        "rev": "da67096a3b9bf56a91d16901293e51ba5b49a27e",
        "type": "github"
      },
      "original": {
        "owner": "nix-systems",
        "repo": "default",
        "type": "github"
      }
    },
    "systems_3": {
      "locked": {
        "lastModified": 1681028828,
        "narHash": "sha256-Vy1rq5AaRuLzOxct8nz4T6wlgyUR7zLU309k9mBC768=",
        "owner": "nix-systems",
        "repo": "default",
        "rev": "da67096a3b9bf56a91d16901293e51ba5b49a27e",
        "type": "github"
      },
      "original": {
        "owner": "nix-systems",
        "repo": "default",
        "type": "github"
      }
    },
    "systems_4": {
      "locked": {
        "lastModified": 1681028828,
        "narHash": "sha256-Vy1rq5AaRuLzOxct8nz4T6wlgyUR7zLU309k9mBC768=",
        "owner": "nix-systems",
        "repo": "default",
        "rev": "da67096a3b9bf56a91d16901293e51ba5b49a27e",
        "type": "github"
      },
      "original": {
        "owner": "nix-systems",
        "repo": "default",
        "type": "github"
      }
    },
    "systems_5": {
      "locked": {
        "lastModified": 1681028828,
        "narHash": "sha256-Vy1rq5AaRuLzOxct8nz4T6wlgyUR7zLU309k9mBC768=",
        "owner": "nix-systems",
        "repo": "default",
        "rev": "da67096a3b9bf56a91d16901293e51ba5b49a27e",
        "type": "github"
      },
      "original": {
        "owner": "nix-systems",
        "repo": "default",
        "type": "github"
      }
    },
    "systems_6": {
      "locked": {
        "lastModified": 1681028828,
        "narHash": "sha256-Vy1rq5AaRuLzOxct8nz4T6wlgyUR7zLU309k9mBC768=",
        "owner": "nix-systems",
        "repo": "default",
        "rev": "da67096a3b9bf56a91d16901293e51ba5b49a27e",
        "type": "github"
      },
      "original": {
        "owner": "nix-systems",
        "repo": "default",
        "type": "github"
      }
    },
    "toad-src": {
      "flake": false,
      "locked": {
        "lastModified": 1782633946,
        "narHash": "sha256-lKXa+jbc7H9vKDB8EWbj+yNpn7uYuQjkwXYyzjhnQWg=",
        "ref": "refs/heads/main",
        "rev": "0400bc9be7ed13afa56239c6e49d64cd58755a0e",
        "revCount": 38,
        "type": "git",
        "url": "https://git.cherdak.work/FrogOS/Toad"
      },
      "original": {
        "type": "git",
        "url": "https://git.cherdak.work/FrogOS/Toad"
      }
    },
    "treefmt-nix": {
      "inputs": {
        "nixpkgs": "nixpkgs_2"
      },
      "locked": {
        "lastModified": 1780220602,
        "narHash": "sha256-eynAfOmbmxJnkp7YewvCEbShNnnYJ9gLLqkzsYtBPeM=",
        "owner": "numtide",
        "repo": "treefmt-nix",
        "rev": "db947814a175b7ca6ded66e21383d938df01c227",
        "type": "github"
      },
      "original": {
        "owner": "numtide",
        "repo": "treefmt-nix",
        "type": "github"
      }
    },
    "treefmt-nix_2": {
      "inputs": {
        "nixpkgs": "nixpkgs_3"
      },
      "locked": {
        "lastModified": 1780220602,
        "narHash": "sha256-eynAfOmbmxJnkp7YewvCEbShNnnYJ9gLLqkzsYtBPeM=",
        "owner": "numtide",
        "repo": "treefmt-nix",
        "rev": "db947814a175b7ca6ded66e21383d938df01c227",
        "type": "github"
      },
      "original": {
        "owner": "numtide",
        "repo": "treefmt-nix",
        "type": "github"
      }
    },
    "treefmt-nix_3": {
      "inputs": {
        "nixpkgs": "nixpkgs_4"
      },
      "locked": {
        "lastModified": 1780220602,
        "narHash": "sha256-eynAfOmbmxJnkp7YewvCEbShNnnYJ9gLLqkzsYtBPeM=",
        "owner": "numtide",
        "repo": "treefmt-nix",
        "rev": "db947814a175b7ca6ded66e21383d938df01c227",
        "type": "github"
      },
      "original": {
        "owner": "numtide",
        "repo": "treefmt-nix",
        "type": "github"
      }
    }
  },
  "root": "root",
  "version": 7
}
